
Microsoft Visual Studio Solution File, Format Version 12.00
# Visual Studio Version 17
VisualStudioVersion = 17.0.32014.148
MinimumVisualStudioVersion = 10.0.40219.1
Project("{9A19103F-16F7-4668-BE54-9A1E7A4F7556}") = "Remote", "Remote\Remote.csproj", "{D461E972-86CF-4716-A99C-E94F801EB360}"
EndProject
Project("{9A19103F-16F7-4668-BE54-9A1E7A4F7556}") = "Television", "Television\Television.csproj", "{383E6F1A-3A93-47EF-8447-3405B98A4AD2}"
EndProject
Global
	GlobalSection(SolutionConfigurationPlatforms) = preSolution
		Debug|Any CPU = Debug|Any CPU
		Release|Any CPU = Release|Any CPU
	EndGlobalSection
	GlobalSection(ProjectConfigurationPlatforms) = postSolution
		{D461E972-86CF-4716-A99C-E94F801EB360}.Debug|Any CPU.ActiveCfg = Debug|Any CPU
		{D461E972-86CF-4716-A99C-E94F801EB360}.Debug|Any CPU.Build.0 = Debug|Any CPU
		{D461E972-86CF-4716-A99C-E94F801EB360}.Release|Any CPU.ActiveCfg = Release|Any CPU
		{D461E972-86CF-4716-A99C-E94F801EB360}.Release|Any CPU.Build.0 = Release|Any CPU
		{383E6F1A-3A93-47EF-8447-3405B98A4AD2}.Debug|Any CPU.ActiveCfg = Debug|Any CPU
		{383E6F1A-3A93-47EF-8447-3405B98A4AD2}.Debug|Any CPU.Build.0 = Debug|Any CPU
		{383E6F1A-3A93-47EF-8447-3405B98A4AD2}.Release|Any CPU.ActiveCfg = Release|Any CPU
		{383E6F1A-3A93-47EF-8447-3405B98A4AD2}.Release|Any CPU.Build.0 = Release|Any CPU
	EndGlobalSection
	GlobalSection(SolutionProperties) = preSolution
		HideSolutionNode = FALSE
	EndGlobalSection
	GlobalSection(ExtensibilityGlobals) = postSolution
		SolutionGuid = {F9547F37-0396-49B0-812A-80FE6BC6CCB4}
	EndGlobalSection
EndGlobal
