
Microsoft Visual Studio Solution File, Format Version 12.00
# Visual Studio Version 16
VisualStudioVersion = 16.0.31729.503
MinimumVisualStudioVersion = 10.0.40219.1
Project("{FAE04EC0-301F-11D3-BF4B-00C04F79EFBC}") = "Remote", "Remote.csproj", "{3C37208B-6706-4BB2-B125-35B4C4FAA457}"
EndProject
Global
	GlobalSection(SolutionConfigurationPlatforms) = preSolution
		Debug|Any CPU = Debug|Any CPU
		Release|Any CPU = Release|Any CPU
	EndGlobalSection
	GlobalSection(ProjectConfigurationPlatforms) = postSolution
		{3C37208B-6706-4BB2-B125-35B4C4FAA457}.Debug|Any CPU.ActiveCfg = Debug|Any CPU
		{3C37208B-6706-4BB2-B125-35B4C4FAA457}.Debug|Any CPU.Build.0 = Debug|Any CPU
		{3C37208B-6706-4BB2-B125-35B4C4FAA457}.Release|Any CPU.ActiveCfg = Release|Any CPU
		{3C37208B-6706-4BB2-B125-35B4C4FAA457}.Release|Any CPU.Build.0 = Release|Any CPU
	EndGlobalSection
	GlobalSection(SolutionProperties) = preSolution
		HideSolutionNode = FALSE
	EndGlobalSection
	GlobalSection(ExtensibilityGlobals) = postSolution
		SolutionGuid = {66EB51D9-2291-4CCB-913C-2642E6F53B0C}
	EndGlobalSection
EndGlobal
